
Microsoft Visual Studio Solution File, Format Version 12.00
# Visual Studio 14
VisualStudioVersion = 14.0.25420.1
MinimumVisualStudioVersion = 10.0.40219.1
Project("{2150E333-8FDC-42A3-9474-1A3956D46DE8}") = "1.Layers", "1.Layers", "{299035F4-6BB4-429F-B540-A939D8416776}"
EndProject
Project("{2150E333-8FDC-42A3-9474-1A3956D46DE8}") = "1.1Presentation", "1.1Presentation", "{14C7C753-4939-4AAF-843B-D0A77DC06F8A}"
EndProject
Project("{2150E333-8FDC-42A3-9474-1A3956D46DE8}") = "1.2Distributed Services", "1.2Distributed Services", "{796D7D7F-F459-45AD-9053-ADDCB7C51CF3}"
EndProject
Project("{2150E333-8FDC-42A3-9474-1A3956D46DE8}") = "1.3Application", "1.3Application", "{7671C4CF-A27F-46CE-BA54-3E955C3419F4}"
EndProject
Project("{2150E333-8FDC-42A3-9474-1A3956D46DE8}") = "1.4Domain", "1.4Domain", "{FF10D6A6-3AAC-4DF5-A36B-0935F1BBB781}"
EndProject
Project("{2150E333-8FDC-42A3-9474-1A3956D46DE8}") = "1.5Infrastructure", "1.5Infrastructure", "{2CECF220-FF96-4016-93C8-7E8C137C321B}"
EndProject
Project("{2150E333-8FDC-42A3-9474-1A3956D46DE8}") = "1.5.2Cross Cutting", "1.5.2Cross Cutting", "{D36CD49F-475A-49AC-BCC5-9CA9309093D2}"
EndProject
Project("{2150E333-8FDC-42A3-9474-1A3956D46DE8}") = "1.5.1Data", "1.5.1Data", "{0035F1BA-1AC4-40FF-B13B-EDE754331B5A}"
EndProject
Project("{2150E333-8FDC-42A3-9474-1A3956D46DE8}") = "1.4.2MainModule", "1.4.2MainModule", "{2ADF84CC-F3D2-491A-AA83-F8479D6ABE92}"
EndProject
Project("{2150E333-8FDC-42A3-9474-1A3956D46DE8}") = "1.3.2MainModule", "1.3.2MainModule", "{495B5E99-4CE6-4A58-BD8D-8E7542CA6926}"
EndProject
Project("{2150E333-8FDC-42A3-9474-1A3956D46DE8}") = "1.2.2MainModule", "1.2.2MainModule", "{26D9D7DB-6212-4B4E-9425-7BEB6FE9C62F}"
EndProject
Project("{2150E333-8FDC-42A3-9474-1A3956D46DE8}") = "1.1.1Web", "1.1.1Web", "{4204EB7D-0551-41FA-AE91-960A557992A1}"
EndProject
Project("{2150E333-8FDC-42A3-9474-1A3956D46DE8}") = "1.1.2Mobile", "1.1.2Mobile", "{CC8A7593-3132-462F-B8C6-F9070525956C}"
EndProject
Project("{FAE04EC0-301F-11D3-BF4B-00C04F79EFBC}") = "DS.MainModule", "1.Layers\1.2Distributed Services\1.2.2MainModule\DS.MainModule\DS.MainModule.csproj", "{C95A6C3B-0CBA-4568-B1EF-EF2948AD21B1}"
EndProject
Project("{FAE04EC0-301F-11D3-BF4B-00C04F79EFBC}") = "DS.MainModule.Tests", "1.Layers\1.2Distributed Services\1.2.2MainModule\DS.MainModule.Tests\DS.MainModule.Tests.csproj", "{2E0ED8B8-FB1A-4E52-A691-956B5253FA10}"
EndProject
Project("{FAE04EC0-301F-11D3-BF4B-00C04F79EFBC}") = "Sagas.MainModule", "1.Layers\1.4Domain\1.4.2SagasMainModule\Sagas.MainModule\Sagas.MainModule.csproj", "{FF128402-ECEF-4AAE-A189-3A61E225B25E}"
EndProject
Project("{FAE04EC0-301F-11D3-BF4B-00C04F79EFBC}") = "Sagas.MainModule.Tests", "1.Layers\1.4Domain\1.4.2SagasMainModule\Sagas.MainModule.Tests\Sagas.MainModule.Tests.csproj", "{C0A8A674-9135-46A3-A5E2-19BCC87CC141}"
EndProject
Project("{FAE04EC0-301F-11D3-BF4B-00C04F79EFBC}") = "Infrastructure.Data", "1.Layers\1.5Infrastructure\1.5.1Data\Infrastructure.Data\Infrastructure.Data.csproj", "{F4D84D09-BEF2-4BD5-9F38-04396EF52BC8}"
EndProject
Project("{2150E333-8FDC-42A3-9474-1A3956D46DE8}") = "1.5.2.2Logging", "1.5.2.2Logging", "{7405EF1E-8F0B-4C98-8DE0-DB2DFACB9662}"
EndProject
Project("{2150E333-8FDC-42A3-9474-1A3956D46DE8}") = "1.5.2.3Mail", "1.5.2.3Mail", "{1E961BD1-B23F-4D4E-9711-9D9F9460A712}"
EndProject
Project("{2150E333-8FDC-42A3-9474-1A3956D46DE8}") = "1.5.2.4Exceptions", "1.5.2.4Exceptions", "{F291BAD3-F349-42FA-8056-D8F388AFA453}"
EndProject
Project("{2150E333-8FDC-42A3-9474-1A3956D46DE8}") = "1.5.2.5Security", "1.5.2.5Security", "{DD424685-8682-49F7-B72B-B289B4C96572}"
EndProject
Project("{2150E333-8FDC-42A3-9474-1A3956D46DE8}") = "1.5.2.6Utilities", "1.5.2.6Utilities", "{09314178-BF9B-45E3-9BD7-60293881D539}"
EndProject
Project("{FAE04EC0-301F-11D3-BF4B-00C04F79EFBC}") = "Utilities.MainModule", "1.Layers\1.5Infrastructure\1.5.2Cross Cutting\1.5.2.6Utilities\Utilities.MainModule\Utilities.MainModule.csproj", "{80053147-4263-454B-BA2D-C7EF6A507C0B}"
EndProject
Project("{FAE04EC0-301F-11D3-BF4B-00C04F79EFBC}") = "Application.MainModule", "1.Layers\1.3Application\1.3.2MainModule\Application.MainModule\Application.MainModule.csproj", "{2C5F9775-06CF-466F-9873-3166EDE4744C}"
EndProject
Project("{FAE04EC0-301F-11D3-BF4B-00C04F79EFBC}") = "Application.MainModule.Tests", "1.Layers\1.3Application\1.3.2MainModule\Application.MainModule.Tests\Application.MainModule.Tests.csproj", "{50C55645-3826-4CF0-8D05-41450C89E443}"
EndProject
Project("{2150E333-8FDC-42A3-9474-1A3956D46DE8}") = "2.DataBases", "2.DataBases", "{E86612C0-0B8B-427F-BFA9-0F7D5C0E435A}"
EndProject
Project("{00D1A9C2-B5F0-4AF3-8072-F6C62B433612}") = "Sagas.MainModule", "2.Databases\Sagas.MainModule\Sagas.MainModule.sqlproj", "{85FDBE55-DD97-466E-8D55-E902B3A70FBC}"
EndProject
Project("{FAE04EC0-301F-11D3-BF4B-00C04F79EFBC}") = "Exceptions.MainModule", "1.Layers\1.5Infrastructure\1.5.2Cross Cutting\1.5.2.4Exceptions\Exceptions.MainModule\Exceptions.MainModule.csproj", "{FB4086F4-8177-4175-BEB6-312FD528ABA2}"
EndProject
Project("{FAE04EC0-301F-11D3-BF4B-00C04F79EFBC}") = "Security.MainModule", "1.Layers\1.5Infrastructure\1.5.2Cross Cutting\1.5.2.5Security\Security.MainModule\Security.MainModule.csproj", "{F3BA487D-6FF4-4793-8BBA-79DA05447EC2}"
EndProject
Project("{FAE04EC0-301F-11D3-BF4B-00C04F79EFBC}") = "Web.MainModule", "1.Layers\1.1Presentation\1.1.1Web\Web.MainModule\Web.MainModule.csproj", "{A523A581-3BDB-4DA5-AD89-B6297F4ACD97}"
EndProject
Global
	GlobalSection(SolutionConfigurationPlatforms) = preSolution
		Debug|Any CPU = Debug|Any CPU
		Debug|x64 = Debug|x64
		Release|Any CPU = Release|Any CPU
		Release|x64 = Release|x64
	EndGlobalSection
	GlobalSection(ProjectConfigurationPlatforms) = postSolution
		{C95A6C3B-0CBA-4568-B1EF-EF2948AD21B1}.Debug|Any CPU.ActiveCfg = Debug|Any CPU
		{C95A6C3B-0CBA-4568-B1EF-EF2948AD21B1}.Debug|Any CPU.Build.0 = Debug|Any CPU
		{C95A6C3B-0CBA-4568-B1EF-EF2948AD21B1}.Debug|x64.ActiveCfg = Debug|Any CPU
		{C95A6C3B-0CBA-4568-B1EF-EF2948AD21B1}.Debug|x64.Build.0 = Debug|Any CPU
		{C95A6C3B-0CBA-4568-B1EF-EF2948AD21B1}.Release|Any CPU.ActiveCfg = Release|Any CPU
		{C95A6C3B-0CBA-4568-B1EF-EF2948AD21B1}.Release|Any CPU.Build.0 = Release|Any CPU
		{C95A6C3B-0CBA-4568-B1EF-EF2948AD21B1}.Release|x64.ActiveCfg = Release|Any CPU
		{C95A6C3B-0CBA-4568-B1EF-EF2948AD21B1}.Release|x64.Build.0 = Release|Any CPU
		{2E0ED8B8-FB1A-4E52-A691-956B5253FA10}.Debug|Any CPU.ActiveCfg = Debug|Any CPU
		{2E0ED8B8-FB1A-4E52-A691-956B5253FA10}.Debug|Any CPU.Build.0 = Debug|Any CPU
		{2E0ED8B8-FB1A-4E52-A691-956B5253FA10}.Debug|x64.ActiveCfg = Debug|Any CPU
		{2E0ED8B8-FB1A-4E52-A691-956B5253FA10}.Debug|x64.Build.0 = Debug|Any CPU
		{2E0ED8B8-FB1A-4E52-A691-956B5253FA10}.Release|Any CPU.ActiveCfg = Release|Any CPU
		{2E0ED8B8-FB1A-4E52-A691-956B5253FA10}.Release|Any CPU.Build.0 = Release|Any CPU
		{2E0ED8B8-FB1A-4E52-A691-956B5253FA10}.Release|x64.ActiveCfg = Release|Any CPU
		{2E0ED8B8-FB1A-4E52-A691-956B5253FA10}.Release|x64.Build.0 = Release|Any CPU
		{FF128402-ECEF-4AAE-A189-3A61E225B25E}.Debug|Any CPU.ActiveCfg = Debug|Any CPU
		{FF128402-ECEF-4AAE-A189-3A61E225B25E}.Debug|Any CPU.Build.0 = Debug|Any CPU
		{FF128402-ECEF-4AAE-A189-3A61E225B25E}.Debug|x64.ActiveCfg = Debug|Any CPU
		{FF128402-ECEF-4AAE-A189-3A61E225B25E}.Debug|x64.Build.0 = Debug|Any CPU
		{FF128402-ECEF-4AAE-A189-3A61E225B25E}.Release|Any CPU.ActiveCfg = Release|Any CPU
		{FF128402-ECEF-4AAE-A189-3A61E225B25E}.Release|Any CPU.Build.0 = Release|Any CPU
		{FF128402-ECEF-4AAE-A189-3A61E225B25E}.Release|x64.ActiveCfg = Release|Any CPU
		{FF128402-ECEF-4AAE-A189-3A61E225B25E}.Release|x64.Build.0 = Release|Any CPU
		{C0A8A674-9135-46A3-A5E2-19BCC87CC141}.Debug|Any CPU.ActiveCfg = Debug|Any CPU
		{C0A8A674-9135-46A3-A5E2-19BCC87CC141}.Debug|Any CPU.Build.0 = Debug|Any CPU
		{C0A8A674-9135-46A3-A5E2-19BCC87CC141}.Debug|x64.ActiveCfg = Debug|Any CPU
		{C0A8A674-9135-46A3-A5E2-19BCC87CC141}.Debug|x64.Build.0 = Debug|Any CPU
		{C0A8A674-9135-46A3-A5E2-19BCC87CC141}.Release|Any CPU.ActiveCfg = Release|Any CPU
		{C0A8A674-9135-46A3-A5E2-19BCC87CC141}.Release|Any CPU.Build.0 = Release|Any CPU
		{C0A8A674-9135-46A3-A5E2-19BCC87CC141}.Release|x64.ActiveCfg = Release|Any CPU
		{C0A8A674-9135-46A3-A5E2-19BCC87CC141}.Release|x64.Build.0 = Release|Any CPU
		{F4D84D09-BEF2-4BD5-9F38-04396EF52BC8}.Debug|Any CPU.ActiveCfg = Debug|Any CPU
		{F4D84D09-BEF2-4BD5-9F38-04396EF52BC8}.Debug|Any CPU.Build.0 = Debug|Any CPU
		{F4D84D09-BEF2-4BD5-9F38-04396EF52BC8}.Debug|x64.ActiveCfg = Debug|Any CPU
		{F4D84D09-BEF2-4BD5-9F38-04396EF52BC8}.Debug|x64.Build.0 = Debug|Any CPU
		{F4D84D09-BEF2-4BD5-9F38-04396EF52BC8}.Release|Any CPU.ActiveCfg = Release|Any CPU
		{F4D84D09-BEF2-4BD5-9F38-04396EF52BC8}.Release|Any CPU.Build.0 = Release|Any CPU
		{F4D84D09-BEF2-4BD5-9F38-04396EF52BC8}.Release|x64.ActiveCfg = Release|Any CPU
		{F4D84D09-BEF2-4BD5-9F38-04396EF52BC8}.Release|x64.Build.0 = Release|Any CPU
		{80053147-4263-454B-BA2D-C7EF6A507C0B}.Debug|Any CPU.ActiveCfg = Debug|Any CPU
		{80053147-4263-454B-BA2D-C7EF6A507C0B}.Debug|Any CPU.Build.0 = Debug|Any CPU
		{80053147-4263-454B-BA2D-C7EF6A507C0B}.Debug|x64.ActiveCfg = Debug|Any CPU
		{80053147-4263-454B-BA2D-C7EF6A507C0B}.Debug|x64.Build.0 = Debug|Any CPU
		{80053147-4263-454B-BA2D-C7EF6A507C0B}.Release|Any CPU.ActiveCfg = Release|Any CPU
		{80053147-4263-454B-BA2D-C7EF6A507C0B}.Release|Any CPU.Build.0 = Release|Any CPU
		{80053147-4263-454B-BA2D-C7EF6A507C0B}.Release|x64.ActiveCfg = Release|Any CPU
		{80053147-4263-454B-BA2D-C7EF6A507C0B}.Release|x64.Build.0 = Release|Any CPU
		{2C5F9775-06CF-466F-9873-3166EDE4744C}.Debug|Any CPU.ActiveCfg = Debug|Any CPU
		{2C5F9775-06CF-466F-9873-3166EDE4744C}.Debug|Any CPU.Build.0 = Debug|Any CPU
		{2C5F9775-06CF-466F-9873-3166EDE4744C}.Debug|x64.ActiveCfg = Debug|Any CPU
		{2C5F9775-06CF-466F-9873-3166EDE4744C}.Debug|x64.Build.0 = Debug|Any CPU
		{2C5F9775-06CF-466F-9873-3166EDE4744C}.Release|Any CPU.ActiveCfg = Release|Any CPU
		{2C5F9775-06CF-466F-9873-3166EDE4744C}.Release|Any CPU.Build.0 = Release|Any CPU
		{2C5F9775-06CF-466F-9873-3166EDE4744C}.Release|x64.ActiveCfg = Release|Any CPU
		{2C5F9775-06CF-466F-9873-3166EDE4744C}.Release|x64.Build.0 = Release|Any CPU
		{50C55645-3826-4CF0-8D05-41450C89E443}.Debug|Any CPU.ActiveCfg = Debug|Any CPU
		{50C55645-3826-4CF0-8D05-41450C89E443}.Debug|Any CPU.Build.0 = Debug|Any CPU
		{50C55645-3826-4CF0-8D05-41450C89E443}.Debug|x64.ActiveCfg = Debug|Any CPU
		{50C55645-3826-4CF0-8D05-41450C89E443}.Debug|x64.Build.0 = Debug|Any CPU
		{50C55645-3826-4CF0-8D05-41450C89E443}.Release|Any CPU.ActiveCfg = Release|Any CPU
		{50C55645-3826-4CF0-8D05-41450C89E443}.Release|Any CPU.Build.0 = Release|Any CPU
		{50C55645-3826-4CF0-8D05-41450C89E443}.Release|x64.ActiveCfg = Release|Any CPU
		{50C55645-3826-4CF0-8D05-41450C89E443}.Release|x64.Build.0 = Release|Any CPU
		{85FDBE55-DD97-466E-8D55-E902B3A70FBC}.Debug|Any CPU.ActiveCfg = Debug|Any CPU
		{85FDBE55-DD97-466E-8D55-E902B3A70FBC}.Debug|Any CPU.Build.0 = Debug|Any CPU
		{85FDBE55-DD97-466E-8D55-E902B3A70FBC}.Debug|Any CPU.Deploy.0 = Debug|Any CPU
		{85FDBE55-DD97-466E-8D55-E902B3A70FBC}.Debug|x64.ActiveCfg = Debug|Any CPU
		{85FDBE55-DD97-466E-8D55-E902B3A70FBC}.Debug|x64.Build.0 = Debug|Any CPU
		{85FDBE55-DD97-466E-8D55-E902B3A70FBC}.Debug|x64.Deploy.0 = Debug|Any CPU
		{85FDBE55-DD97-466E-8D55-E902B3A70FBC}.Release|Any CPU.ActiveCfg = Release|Any CPU
		{85FDBE55-DD97-466E-8D55-E902B3A70FBC}.Release|Any CPU.Build.0 = Release|Any CPU
		{85FDBE55-DD97-466E-8D55-E902B3A70FBC}.Release|Any CPU.Deploy.0 = Release|Any CPU
		{85FDBE55-DD97-466E-8D55-E902B3A70FBC}.Release|x64.ActiveCfg = Release|Any CPU
		{85FDBE55-DD97-466E-8D55-E902B3A70FBC}.Release|x64.Build.0 = Release|Any CPU
		{85FDBE55-DD97-466E-8D55-E902B3A70FBC}.Release|x64.Deploy.0 = Release|Any CPU
		{FB4086F4-8177-4175-BEB6-312FD528ABA2}.Debug|Any CPU.ActiveCfg = Debug|Any CPU
		{FB4086F4-8177-4175-BEB6-312FD528ABA2}.Debug|Any CPU.Build.0 = Debug|Any CPU
		{FB4086F4-8177-4175-BEB6-312FD528ABA2}.Debug|x64.ActiveCfg = Debug|x64
		{FB4086F4-8177-4175-BEB6-312FD528ABA2}.Debug|x64.Build.0 = Debug|x64
		{FB4086F4-8177-4175-BEB6-312FD528ABA2}.Release|Any CPU.ActiveCfg = Release|Any CPU
		{FB4086F4-8177-4175-BEB6-312FD528ABA2}.Release|Any CPU.Build.0 = Release|Any CPU
		{FB4086F4-8177-4175-BEB6-312FD528ABA2}.Release|x64.ActiveCfg = Release|x64
		{FB4086F4-8177-4175-BEB6-312FD528ABA2}.Release|x64.Build.0 = Release|x64
		{F3BA487D-6FF4-4793-8BBA-79DA05447EC2}.Debug|Any CPU.ActiveCfg = Debug|Any CPU
		{F3BA487D-6FF4-4793-8BBA-79DA05447EC2}.Debug|Any CPU.Build.0 = Debug|Any CPU
		{F3BA487D-6FF4-4793-8BBA-79DA05447EC2}.Debug|x64.ActiveCfg = Debug|x64
		{F3BA487D-6FF4-4793-8BBA-79DA05447EC2}.Debug|x64.Build.0 = Debug|x64
		{F3BA487D-6FF4-4793-8BBA-79DA05447EC2}.Release|Any CPU.ActiveCfg = Release|Any CPU
		{F3BA487D-6FF4-4793-8BBA-79DA05447EC2}.Release|Any CPU.Build.0 = Release|Any CPU
		{F3BA487D-6FF4-4793-8BBA-79DA05447EC2}.Release|x64.ActiveCfg = Release|x64
		{F3BA487D-6FF4-4793-8BBA-79DA05447EC2}.Release|x64.Build.0 = Release|x64
		{A523A581-3BDB-4DA5-AD89-B6297F4ACD97}.Debug|Any CPU.ActiveCfg = Debug|Any CPU
		{A523A581-3BDB-4DA5-AD89-B6297F4ACD97}.Debug|Any CPU.Build.0 = Debug|Any CPU
		{A523A581-3BDB-4DA5-AD89-B6297F4ACD97}.Debug|x64.ActiveCfg = Debug|Any CPU
		{A523A581-3BDB-4DA5-AD89-B6297F4ACD97}.Debug|x64.Build.0 = Debug|Any CPU
		{A523A581-3BDB-4DA5-AD89-B6297F4ACD97}.Release|Any CPU.ActiveCfg = Release|Any CPU
		{A523A581-3BDB-4DA5-AD89-B6297F4ACD97}.Release|Any CPU.Build.0 = Release|Any CPU
		{A523A581-3BDB-4DA5-AD89-B6297F4ACD97}.Release|x64.ActiveCfg = Release|Any CPU
		{A523A581-3BDB-4DA5-AD89-B6297F4ACD97}.Release|x64.Build.0 = Release|Any CPU
	EndGlobalSection
	GlobalSection(SolutionProperties) = preSolution
		HideSolutionNode = FALSE
	EndGlobalSection
	GlobalSection(NestedProjects) = preSolution
		{14C7C753-4939-4AAF-843B-D0A77DC06F8A} = {299035F4-6BB4-429F-B540-A939D8416776}
		{796D7D7F-F459-45AD-9053-ADDCB7C51CF3} = {299035F4-6BB4-429F-B540-A939D8416776}
		{7671C4CF-A27F-46CE-BA54-3E955C3419F4} = {299035F4-6BB4-429F-B540-A939D8416776}
		{FF10D6A6-3AAC-4DF5-A36B-0935F1BBB781} = {299035F4-6BB4-429F-B540-A939D8416776}
		{2CECF220-FF96-4016-93C8-7E8C137C321B} = {299035F4-6BB4-429F-B540-A939D8416776}
		{D36CD49F-475A-49AC-BCC5-9CA9309093D2} = {2CECF220-FF96-4016-93C8-7E8C137C321B}
		{0035F1BA-1AC4-40FF-B13B-EDE754331B5A} = {2CECF220-FF96-4016-93C8-7E8C137C321B}
		{2ADF84CC-F3D2-491A-AA83-F8479D6ABE92} = {FF10D6A6-3AAC-4DF5-A36B-0935F1BBB781}
		{495B5E99-4CE6-4A58-BD8D-8E7542CA6926} = {7671C4CF-A27F-46CE-BA54-3E955C3419F4}
		{26D9D7DB-6212-4B4E-9425-7BEB6FE9C62F} = {796D7D7F-F459-45AD-9053-ADDCB7C51CF3}
		{4204EB7D-0551-41FA-AE91-960A557992A1} = {14C7C753-4939-4AAF-843B-D0A77DC06F8A}
		{CC8A7593-3132-462F-B8C6-F9070525956C} = {14C7C753-4939-4AAF-843B-D0A77DC06F8A}
		{C95A6C3B-0CBA-4568-B1EF-EF2948AD21B1} = {26D9D7DB-6212-4B4E-9425-7BEB6FE9C62F}
		{2E0ED8B8-FB1A-4E52-A691-956B5253FA10} = {26D9D7DB-6212-4B4E-9425-7BEB6FE9C62F}
		{FF128402-ECEF-4AAE-A189-3A61E225B25E} = {2ADF84CC-F3D2-491A-AA83-F8479D6ABE92}
		{C0A8A674-9135-46A3-A5E2-19BCC87CC141} = {2ADF84CC-F3D2-491A-AA83-F8479D6ABE92}
		{F4D84D09-BEF2-4BD5-9F38-04396EF52BC8} = {0035F1BA-1AC4-40FF-B13B-EDE754331B5A}
		{7405EF1E-8F0B-4C98-8DE0-DB2DFACB9662} = {D36CD49F-475A-49AC-BCC5-9CA9309093D2}
		{1E961BD1-B23F-4D4E-9711-9D9F9460A712} = {D36CD49F-475A-49AC-BCC5-9CA9309093D2}
		{F291BAD3-F349-42FA-8056-D8F388AFA453} = {D36CD49F-475A-49AC-BCC5-9CA9309093D2}
		{DD424685-8682-49F7-B72B-B289B4C96572} = {D36CD49F-475A-49AC-BCC5-9CA9309093D2}
		{09314178-BF9B-45E3-9BD7-60293881D539} = {D36CD49F-475A-49AC-BCC5-9CA9309093D2}
		{80053147-4263-454B-BA2D-C7EF6A507C0B} = {09314178-BF9B-45E3-9BD7-60293881D539}
		{2C5F9775-06CF-466F-9873-3166EDE4744C} = {495B5E99-4CE6-4A58-BD8D-8E7542CA6926}
		{50C55645-3826-4CF0-8D05-41450C89E443} = {495B5E99-4CE6-4A58-BD8D-8E7542CA6926}
		{85FDBE55-DD97-466E-8D55-E902B3A70FBC} = {E86612C0-0B8B-427F-BFA9-0F7D5C0E435A}
		{FB4086F4-8177-4175-BEB6-312FD528ABA2} = {F291BAD3-F349-42FA-8056-D8F388AFA453}
		{F3BA487D-6FF4-4793-8BBA-79DA05447EC2} = {DD424685-8682-49F7-B72B-B289B4C96572}
		{A523A581-3BDB-4DA5-AD89-B6297F4ACD97} = {4204EB7D-0551-41FA-AE91-960A557992A1}
	EndGlobalSection
EndGlobal
